
Microsoft Visual Studio Solution File, Format Version 12.00
# Visual Studio Version 17
VisualStudioVersion = 17.14.36623.8 d17.14
MinimumVisualStudioVersion = 10.0.40219.1
Project("{FAE04EC0-301F-11D3-BF4B-00C04F79EFBC}") = "TekTrov.WebAPI", "TekTrov.WebAPI.csproj", "{2AC759FC-3D4B-452E-A1E1-EF57A92C6E12}"
EndProject
Project("{FAE04EC0-301F-11D3-BF4B-00C04F79EFBC}") = "TekTrov.Domain", "..\TekTrov.Domain\TekTrov.Domain.csproj", "{BD0A6A01-714A-4988-A016-8FC39ADD927D}"
EndProject
Project("{FAE04EC0-301F-11D3-BF4B-00C04F79EFBC}") = "TekTrov.Infrastructure", "..\TekTrov.Infrastructure\TekTrov.Infrastructure.csproj", "{9848E1C8-9898-4A1C-BF59-CB37B0CDA730}"
EndProject
Project("{FAE04EC0-301F-11D3-BF4B-00C04F79EFBC}") = "TekTrov.Application", "..\TekTrov.Application\TekTrov.Application.csproj", "{A0C2A486-9081-4545-9421-4C82A9913B4A}"
EndProject
Global
	GlobalSection(SolutionConfigurationPlatforms) = preSolution
		Debug|Any CPU = Debug|Any CPU
		Release|Any CPU = Release|Any CPU
	EndGlobalSection
	GlobalSection(ProjectConfigurationPlatforms) = postSolution
		{2AC759FC-3D4B-452E-A1E1-EF57A92C6E12}.Debug|Any CPU.ActiveCfg = Debug|Any CPU
		{2AC759FC-3D4B-452E-A1E1-EF57A92C6E12}.Debug|Any CPU.Build.0 = Debug|Any CPU
		{2AC759FC-3D4B-452E-A1E1-EF57A92C6E12}.Release|Any CPU.ActiveCfg = Release|Any CPU
		{2AC759FC-3D4B-452E-A1E1-EF57A92C6E12}.Release|Any CPU.Build.0 = Release|Any CPU
		{BD0A6A01-714A-4988-A016-8FC39ADD927D}.Debug|Any CPU.ActiveCfg = Debug|Any CPU
		{BD0A6A01-714A-4988-A016-8FC39ADD927D}.Debug|Any CPU.Build.0 = Debug|Any CPU
		{BD0A6A01-714A-4988-A016-8FC39ADD927D}.Release|Any CPU.ActiveCfg = Release|Any CPU
		{BD0A6A01-714A-4988-A016-8FC39ADD927D}.Release|Any CPU.Build.0 = Release|Any CPU
		{9848E1C8-9898-4A1C-BF59-CB37B0CDA730}.Debug|Any CPU.ActiveCfg = Debug|Any CPU
		{9848E1C8-9898-4A1C-BF59-CB37B0CDA730}.Debug|Any CPU.Build.0 = Debug|Any CPU
		{9848E1C8-9898-4A1C-BF59-CB37B0CDA730}.Release|Any CPU.ActiveCfg = Release|Any CPU
		{9848E1C8-9898-4A1C-BF59-CB37B0CDA730}.Release|Any CPU.Build.0 = Release|Any CPU
		{A0C2A486-9081-4545-9421-4C82A9913B4A}.Debug|Any CPU.ActiveCfg = Debug|Any CPU
		{A0C2A486-9081-4545-9421-4C82A9913B4A}.Debug|Any CPU.Build.0 = Debug|Any CPU
		{A0C2A486-9081-4545-9421-4C82A9913B4A}.Release|Any CPU.ActiveCfg = Release|Any CPU
		{A0C2A486-9081-4545-9421-4C82A9913B4A}.Release|Any CPU.Build.0 = Release|Any CPU
	EndGlobalSection
	GlobalSection(SolutionProperties) = preSolution
		HideSolutionNode = FALSE
	EndGlobalSection
	GlobalSection(ExtensibilityGlobals) = postSolution
		SolutionGuid = {805C78D5-951F-463A-915F-09EBEDC29239}
	EndGlobalSection
EndGlobal
